// !$*UTF8*$!
{
	archiveVersion = 1;
	classes = {
	};
	objectVersion = 46;
	objects = {

/* Begin PBXBuildFile section */
		385589A21F7F13CC00D659A6 /* AppDelegate.swift in Sources */ = {isa = PBXBuildFile; fileRef = 385589A11F7F13CC00D659A6 /* AppDelegate.swift */; };
		385589A41F7F13CC00D659A6 /* RecordSoundsViewController.swift in Sources */ = {isa = PBXBuildFile; fileRef = 385589A31F7F13CC00D659A6 /* RecordSoundsViewController.swift */; };
		385589A71F7F13CC00D659A6 /* Main.storyboard in Resources */ = {isa = PBXBuildFile; fileRef = 385589A51F7F13CC00D659A6 /* Main.storyboard */; };
		385589A91F7F13CC00D659A6 /* Assets.xcassets in Resources */ = {isa = PBXBuildFile; fileRef = 385589A81F7F13CC00D659A6 /* Assets.xcassets */; };
		385589AC1F7F13CC00D659A6 /* LaunchScreen.storyboard in Resources */ = {isa = PBXBuildFile; fileRef = 385589AA1F7F13CC00D659A6 /* LaunchScreen.storyboard */; };
		385589B71F7F13CD00D659A6 /* Pitch_perfectTests.swift in Sources */ = {isa = PBXBuildFile; fileRef = 385589B61F7F13CD00D659A6 /* Pitch_perfectTests.swift */; };
		385589C21F7F13CD00D659A6 /* Pitch_perfectUITests.swift in Sources */ = {isa = PBXBuildFile; fileRef = 385589C11F7F13CD00D659A6 /* Pitch_perfectUITests.swift */; };
		389B8CC71F842A570013168F /* PlaySoundsViewController.swift in Sources */ = {isa = PBXBuildFile; fileRef = 389B8CC61F842A570013168F /* PlaySoundsViewController.swift */; };
		BE814EC51FFEDF130004C0B8 /* PlaySoundsViewController+Audio.swift in Sources */ = {isa = PBXBuildFile; fileRef = BE814EC41FFEDF130004C0B8 /* PlaySoundsViewController+Audio.swift */; };
/* End PBXBuildFile section */

/* Begin PBXContainerItemProxy section */
		385589B31F7F13CD00D659A6 /* PBXContainerItemProxy */ = {
			isa = PBXContainerItemProxy;
			containerPortal = 385589961F7F13CC00D659A6 /* Project object */;
			proxyType = 1;
			remoteGlobalIDString = 3855899D1F7F13CC00D659A6;
			remoteInfo = "Pitch perfect";
		};
		385589BE1F7F13CD00D659A6 /* PBXContainerItemProxy */ = {
			isa = PBXContainerItemProxy;
			containerPortal = 385589961F7F13CC00D659A6 /* Project object */;
			proxyType = 1;
			remoteGlobalIDString = 3855899D1F7F13CC00D659A6;
			remoteInfo = "Pitch perfect";
		};
/* End PBXContainerItemProxy section */

/* Begin PBXFileReference section */
		3855899E1F7F13CC00D659A6 /* Pitch perfect.app */ = {isa = PBXFileReference; explicitFileType = wrapper.application; includeInIndex = 0; path = "Pitch perfect.app"; sourceTree = BUILT_PRODUCTS_DIR; };
		385589A11F7F13CC00D659A6 /* AppDelegate.swift */ = {isa = PBXFileReference; lastKnownFileType = sourcecode.swift; path = AppDelegate.swift; sourceTree = "<group>"; };
		385589A31F7F13CC00D659A6 /* RecordSoundsViewController.swift */ = {isa = PBXFileReference; lastKnownFileType = sourcecode.swift; path = RecordSoundsViewController.swift; sourceTree = "<group>"; };
		385589A61F7F13CC00D659A6 /* Base */ = {isa = PBXFileReference; lastKnownFileType = file.storyboard; name = Base; path = Base.lproj/Main.storyboard; sourceTree = "<group>"; };
		385589A81F7F13CC00D659A6 /* Assets.xcassets */ = {isa = PBXFileReference; lastKnownFileType = folder.assetcatalog; path = Assets.xcassets; sourceTree = "<group>"; };
		385589AB1F7F13CC00D659A6 /* Base */ = {isa = PBXFileReference; lastKnownFileType = file.storyboard; name = Base; path = Base.lproj/LaunchScreen.storyboard; sourceTree = "<group>"; };
		385589AD1F7F13CC00D659A6 /* Info.plist */ = {isa = PBXFileReference; lastKnownFileType = text.plist.xml; path = Info.plist; sourceTree = "<group>"; };
		385589B21F7F13CD00D659A6 /* Pitch perfectTests.xctest */ = {isa = PBXFileReference; explicitFileType = wrapper.cfbundle; includeInIndex = 0; path = "Pitch perfectTests.xctest"; sourceTree = BUILT_PRODUCTS_DIR; };
		385589B61F7F13CD00D659A6 /* Pitch_perfectTests.swift */ = {isa = PBXFileReference; lastKnownFileType = sourcecode.swift; path = Pitch_perfectTests.swift; sourceTree = "<group>"; };
		385589B81F7F13CD00D659A6 /* Info.plist */ = {isa = PBXFileReference; lastKnownFileType = text.plist.xml; path = Info.plist; sourceTree = "<group>"; };
		385589BD1F7F13CD00D659A6 /* Pitch perfectUITests.xctest */ = {isa = PBXFileReference; explicitFileType = wrapper.cfbundle; includeInIndex = 0; path = "Pitch perfectUITests.xctest"; sourceTree = BUILT_PRODUCTS_DIR; };
		385589C11F7F13CD00D659A6 /* Pitch_perfectUITests.swift */ = {isa = PBXFileReference; lastKnownFileType = sourcecode.swift; path = Pitch_perfectUITests.swift; sourceTree = "<group>"; };
		385589C31F7F13CD00D659A6 /* Info.plist */ = {isa = PBXFileReference; lastKnownFileType = text.plist.xml; path = Info.plist; sourceTree = "<group>"; };
		389B8CC61F842A570013168F /* PlaySoundsViewController.swift */ = {isa = PBXFileReference; fileEncoding = 4; lastKnownFileType = sourcecode.swift; path = PlaySoundsViewController.swift; sourceTree = "<group>"; };
		BE814EC41FFEDF130004C0B8 /* PlaySoundsViewController+Audio.swift */ = {isa = PBXFileReference; lastKnownFileType = sourcecode.swift; path = "PlaySoundsViewController+Audio.swift"; sourceTree = "<group>"; };
/* End PBXFileReference section */

/* Begin PBXFrameworksBuildPhase section */
		3855899B1F7F13CC00D659A6 /* Frameworks */ = {
			isa = PBXFrameworksBuildPhase;
			buildActionMask = 2147483647;
			files = (
			);
			runOnlyForDeploymentPostprocessing = 0;
		};
		385589AF1F7F13CD00D659A6 /* Frameworks */ = {
			isa = PBXFrameworksBuildPhase;
			buildActionMask = 2147483647;
			files = (
			);
			runOnlyForDeploymentPostprocessing = 0;
		};
		385589BA1F7F13CD00D659A6 /* Frameworks */ = {
			isa = PBXFrameworksBuildPhase;
			buildActionMask = 2147483647;
			files = (
			);
			runOnlyForDeploymentPostprocessing = 0;
		};
/* End PBXFrameworksBuildPhase section */

/* Begin PBXGroup section */
		385589951F7F13CC00D659A6 = {
			isa = PBXGroup;
			children = (
				385589A01F7F13CC00D659A6 /* Pitch perfect */,
				385589B51F7F13CD00D659A6 /* Pitch perfectTests */,
				385589C01F7F13CD00D659A6 /* Pitch perfectUITests */,
				3855899F1F7F13CC00D659A6 /* Products */,
			);
			sourceTree = "<group>";
		};
		3855899F1F7F13CC00D659A6 /* Products */ = {
			isa = PBXGroup;
			children = (
				3855899E1F7F13CC00D659A6 /* Pitch perfect.app */,
				385589B21F7F13CD00D659A6 /* Pitch perfectTests.xctest */,
				385589BD1F7F13CD00D659A6 /* Pitch perfectUITests.xctest */,
			);
			name = Products;
			sourceTree = "<group>";
		};
		385589A01F7F13CC00D659A6 /* Pitch perfect */ = {
			isa = PBXGroup;
			children = (
				385589A11F7F13CC00D659A6 /* AppDelegate.swift */,
				385589A31F7F13CC00D659A6 /* RecordSoundsViewController.swift */,
				385589A51F7F13CC00D659A6 /* Main.storyboard */,
				385589A81F7F13CC00D659A6 /* Assets.xcassets */,
				385589AA1F7F13CC00D659A6 /* LaunchScreen.storyboard */,
				385589AD1F7F13CC00D659A6 /* Info.plist */,
				389B8CC61F842A570013168F /* PlaySoundsViewController.swift */,
				BE814EC41FFEDF130004C0B8 /* PlaySoundsViewController+Audio.swift */,
			);
			path = "Pitch perfect";
			sourceTree = "<group>";
		};
		385589B51F7F13CD00D659A6 /* Pitch perfectTests */ = {
			isa = PBXGroup;
			children = (
				385589B61F7F13CD00D659A6 /* Pitch_perfectTests.swift */,
				385589B81F7F13CD00D659A6 /* Info.plist */,
			);
			path = "Pitch perfectTests";
			sourceTree = "<group>";
		};
		385589C01F7F13CD00D659A6 /* Pitch perfectUITests */ = {
			isa = PBXGroup;
			children = (
				385589C11F7F13CD00D659A6 /* Pitch_perfectUITests.swift */,
				385589C31F7F13CD00D659A6 /* Info.plist */,
			);
			path = "Pitch perfectUITests";
			sourceTree = "<group>";
		};
/* End PBXGroup section */

/* Begin PBXNativeTarget section */
		3855899D1F7F13CC00D659A6 /* Pitch perfect */ = {
			isa = PBXNativeTarget;
			buildConfigurationList = 385589C61F7F13CD00D659A6 /* Build configuration list for PBXNativeTarget "Pitch perfect" */;
			buildPhases = (
				3855899A1F7F13CC00D659A6 /* Sources */,
				3855899B1F7F13CC00D659A6 /* Frameworks */,
				3855899C1F7F13CC00D659A6 /* Resources */,
			);
			buildRules = (
			);
			dependencies = (
			);
			name = "Pitch perfect";
			productName = "Pitch perfect";
			productReference = 3855899E1F7F13CC00D659A6 /* Pitch perfect.app */;
			productType = "com.apple.product-type.application";
		};
		385589B11F7F13CD00D659A6 /* Pitch perfectTests */ = {
			isa = PBXNativeTarget;
			buildConfigurationList = 385589C91F7F13CD00D659A6 /* Build configuration list for PBXNativeTarget "Pitch perfectTests" */;
			buildPhases = (
				385589AE1F7F13CD00D659A6 /* Sources */,
				385589AF1F7F13CD00D659A6 /* Frameworks */,
				385589B01F7F13CD00D659A6 /* Resources */,
			);
			buildRules = (
			);
			dependencies = (
				385589B41F7F13CD00D659A6 /* PBXTargetDependency */,
			);
			name = "Pitch perfectTests";
			productName = "Pitch perfectTests";
			productReference = 385589B21F7F13CD00D659A6 /* Pitch perfectTests.xctest */;
			productType = "com.apple.product-type.bundle.unit-test";
		};
		385589BC1F7F13CD00D659A6 /* Pitch perfectUITests */ = {
			isa = PBXNativeTarget;
			buildConfigurationList = 385589CC1F7F13CD00D659A6 /* Build configuration list for PBXNativeTarget "Pitch perfectUITests" */;
			buildPhases = (
				385589B91F7F13CD00D659A6 /* Sources */,
				385589BA1F7F13CD00D659A6 /* Frameworks */,
				385589BB1F7F13CD00D659A6 /* Resources */,
			);
			buildRules = (
			);
			dependencies = (
				385589BF1F7F13CD00D659A6 /* PBXTargetDependency */,
			);
			name = "Pitch perfectUITests";
			productName = "Pitch perfectUITests";
			productReference = 385589BD1F7F13CD00D659A6 /* Pitch perfectUITests.xctest */;
			productType = "com.apple.product-type.bundle.ui-testing";
		};
/* End PBXNativeTarget section */

/* Begin PBXProject section */
		385589961F7F13CC00D659A6 /* Project object */ = {
			isa = PBXProject;
			attributes = {
				LastSwiftUpdateCheck = 0830;
				LastUpgradeCheck = 0900;
				ORGANIZATIONNAME = "Vedarth Solutions";
				TargetAttributes = {
					3855899D1F7F13CC00D659A6 = {
						CreatedOnToolsVersion = 8.3.3;
						ProvisioningStyle = Automatic;
					};
					385589B11F7F13CD00D659A6 = {
						CreatedOnToolsVersion = 8.3.3;
						ProvisioningStyle = Automatic;
						TestTargetID = 3855899D1F7F13CC00D659A6;
					};
					385589BC1F7F13CD00D659A6 = {
						CreatedOnToolsVersion = 8.3.3;
						ProvisioningStyle = Automatic;
						TestTargetID = 3855899D1F7F13CC00D659A6;
					};
				};
			};
			buildConfigurationList = 385589991F7F13CC00D659A6 /* Build configuration list for PBXProject "Pitch perfect" */;
			compatibilityVersion = "Xcode 3.2";
			developmentRegion = English;
			hasScannedForEncodings = 0;
			knownRegions = (
				en,
				Base,
			);
			mainGroup = 385589951F7F13CC00D659A6;
			productRefGroup = 3855899F1F7F13CC00D659A6 /* Products */;
			projectDirPath = "";
			projectRoot = "";
			targets = (
				3855899D1F7F13CC00D659A6 /* Pitch perfect */,
				385589B11F7F13CD00D659A6 /* Pitch perfectTests */,
				385589BC1F7F13CD00D659A6 /* Pitch perfectUITests */,
			);
		};
/* End PBXProject section */

/* Begin PBXResourcesBuildPhase section */
		3855899C1F7F13CC00D659A6 /* Resources */ = {
			isa = PBXResourcesBuildPhase;
			buildActionMask = 2147483647;
			files = (
				385589AC1F7F13CC00D659A6 /* LaunchScreen.storyboard in Resources */,
				385589A91F7F13CC00D659A6 /* Assets.xcassets in Resources */,
				385589A71F7F13CC00D659A6 /* Main.storyboard in Resources */,
			);
			runOnlyForDeploymentPostprocessing = 0;
		};
		385589B01F7F13CD00D659A6 /* Resources */ = {
			isa = PBXResourcesBuildPhase;
			buildActionMask = 2147483647;
			files = (
			);
			runOnlyForDeploymentPostprocessing = 0;
		};
		385589BB1F7F13CD00D659A6 /* Resources */ = {
			isa = PBXResourcesBuildPhase;
			buildActionMask = 2147483647;
			files = (
			);
			runOnlyForDeploymentPostprocessing = 0;
		};
/* End PBXResourcesBuildPhase section */

/* Begin PBXSourcesBuildPhase section */
		3855899A1F7F13CC00D659A6 /* Sources */ = {
			isa = PBXSourcesBuildPhase;
			buildActionMask = 2147483647;
			files = (
				385589A41F7F13CC00D659A6 /* RecordSoundsViewController.swift in Sources */,
				BE814EC51FFEDF130004C0B8 /* PlaySoundsViewController+Audio.swift in Sources */,
				389B8CC71F842A570013168F /* PlaySoundsViewController.swift in Sources */,
				385589A21F7F13CC00D659A6 /* AppDelegate.swift in Sources */,
			);
			runOnlyForDeploymentPostprocessing = 0;
		};
		385589AE1F7F13CD00D659A6 /* Sources */ = {
			isa = PBXSourcesBuildPhase;
			buildActionMask = 2147483647;
			files = (
				385589B71F7F13CD00D659A6 /* Pitch_perfectTests.swift in Sources */,
			);
			runOnlyForDeploymentPostprocessing = 0;
		};
		385589B91F7F13CD00D659A6 /* Sources */ = {
			isa = PBXSourcesBuildPhase;
			buildActionMask = 2147483647;
			files = (
				385589C21F7F13CD00D659A6 /* Pitch_perfectUITests.swift in Sources */,
			);
			runOnlyForDeploymentPostprocessing = 0;
		};
/* End PBXSourcesBuildPhase section */

/* Begin PBXTargetDependency section */
		385589B41F7F13CD00D659A6 /* PBXTargetDependency */ = {
			isa = PBXTargetDependency;
			target = 3855899D1F7F13CC00D659A6 /* Pitch perfect */;
			targetProxy = 385589B31F7F13CD00D659A6 /* PBXContainerItemProxy */;
		};
		385589BF1F7F13CD00D659A6 /* PBXTargetDependency */ = {
			isa = PBXTargetDependency;
			target = 3855899D1F7F13CC00D659A6 /* Pitch perfect */;
			targetProxy = 385589BE1F7F13CD00D659A6 /* PBXContainerItemProxy */;
		};
/* End PBXTargetDependency section */

/* Begin PBXVariantGroup section */
		385589A51F7F13CC00D659A6 /* Main.storyboard */ = {
			isa = PBXVariantGroup;
			children = (
				385589A61F7F13CC00D659A6 /* Base */,
			);
			name = Main.storyboard;
			sourceTree = "<group>";
		};
		385589AA1F7F13CC00D659A6 /* LaunchScreen.storyboard */ = {
			isa = PBXVariantGroup;
			children = (
				385589AB1F7F13CC00D659A6 /* Base */,
			);
			name = LaunchScreen.storyboard;
			sourceTree = "<group>";
		};
/* End PBXVariantGroup section */

/* Begin XCBuildConfiguration section */
		385589C41F7F13CD00D659A6 /* Debug */ = {
			isa = XCBuildConfiguration;
			buildSettings = {
				ALWAYS_SEARCH_USER_PATHS = NO;
				CLANG_ANALYZER_NONNULL = YES;
				CLANG_ANALYZER_NUMBER_OBJECT_CONVERSION = YES_AGGRESSIVE;
				CLANG_CXX_LANGUAGE_STANDARD = "gnu++0x";
				CLANG_CXX_LIBRARY = "libc++";
				CLANG_ENABLE_MODULES = YES;
				CLANG_ENABLE_OBJC_ARC = YES;
				CLANG_WARN_BLOCK_CAPTURE_AUTORELEASING = YES;
				CLANG_WARN_BOOL_CONVERSION = YES;
				CLANG_WARN_COMMA = YES;
				CLANG_WARN_CONSTANT_CONVERSION = YES;
				CLANG_WARN_DIRECT_OBJC_ISA_USAGE = YES_ERROR;
				CLANG_WARN_DOCUMENTATION_COMMENTS = YES;
				CLANG_WARN_EMPTY_BODY = YES;
				CLANG_WARN_ENUM_CONVERSION = YES;
				CLANG_WARN_INFINITE_RECURSION = YES;
				CLANG_WARN_INT_CONVERSION = YES;
				CLANG_WARN_NON_LITERAL_NULL_CONVERSION = YES;
				CLANG_WARN_OBJC_LITERAL_CONVERSION = YES;
				CLANG_WARN_OBJC_ROOT_CLASS = YES_ERROR;
				CLANG_WARN_RANGE_LOOP_ANALYSIS = YES;
				CLANG_WARN_STRICT_PROTOTYPES = YES;
				CLANG_WARN_SUSPICIOUS_MOVE = YES;
				CLANG_WARN_UNREACHABLE_CODE = YES;
				CLANG_WARN__DUPLICATE_METHOD_MATCH = YES;
				"CODE_SIGN_IDENTITY[sdk=iphoneos*]" = "iPhone Developer";
				COPY_PHASE_STRIP = NO;
				DEBUG_INFORMATION_FORMAT = dwarf;
				ENABLE_STRICT_OBJC_MSGSEND = YES;
				ENABLE_TESTABILITY = YES;
				GCC_C_LANGUAGE_STANDARD = gnu99;
				GCC_DYNAMIC_NO_PIC = NO;
				GCC_NO_COMMON_BLOCKS = YES;
				GCC_OPTIMIZATION_LEVEL = 0;
				GCC_PREPROCESSOR_DEFINITIONS = (
					"DEBUG=1",
					"$(inherited)",
				);
				GCC_WARN_64_TO_32_BIT_CONVERSION = YES;
				GCC_WARN_ABOUT_RETURN_TYPE = YES_ERROR;
				GCC_WARN_UNDECLARED_SELECTOR = YES;
				GCC_WARN_UNINITIALIZED_AUTOS = YES_AGGRESSIVE;
				GCC_WARN_UNUSED_FUNCTION = YES;
				GCC_WARN_UNUSED_VARIABLE = YES;
				IPHONEOS_DEPLOYMENT_TARGET = 10.3;
				MTL_ENABLE_DEBUG_INFO = YES;
				ONLY_ACTIVE_ARCH = YES;
				SDKROOT = iphoneos;
				SWIFT_ACTIVE_COMPILATION_CONDITIONS = DEBUG;
				SWIFT_OPTIMIZATION_LEVEL = "-Onone";
				TARGETED_DEVICE_FAMILY = "1,2";
			};
			name = Debug;
		};
		385589C51F7F13CD00D659A6 /* Release */ = {
			isa = XCBuildConfiguration;
			buildSettings = {
				ALWAYS_SEARCH_USER_PATHS = NO;
				CLANG_ANALYZER_NONNULL = YES;
				CLANG_ANALYZER_NUMBER_OBJECT_CONVERSION = YES_AGGRESSIVE;
				CLANG_CXX_LANGUAGE_STANDARD = "gnu++0x";
				CLANG_CXX_LIBRARY = "libc++";
				CLANG_ENABLE_MODULES = YES;
				CLANG_ENABLE_OBJC_ARC = YES;
				CLANG_WARN_BLOCK_CAPTURE_AUTORELEASING = YES;
				CLANG_WARN_BOOL_CONVERSION = YES;
				CLANG_WARN_COMMA = YES;
				CLANG_WARN_CONSTANT_CONVERSION = YES;
				CLANG_WARN_DIRECT_OBJC_ISA_USAGE = YES_ERROR;
				CLANG_WARN_DOCUMENTATION_COMMENTS = YES;
				CLANG_WARN_EMPTY_BODY = YES;
				CLANG_WARN_ENUM_CONVERSION = YES;
				CLANG_WARN_INFINITE_RECURSION = YES;
				CLANG_WARN_INT_CONVERSION = YES;
				CLANG_WARN_NON_LITERAL_NULL_CONVERSION = YES;
				CLANG_WARN_OBJC_LITERAL_CONVERSION = YES;
				CLANG_WARN_OBJC_ROOT_CLASS = YES_ERROR;
				CLANG_WARN_RANGE_LOOP_ANALYSIS = YES;
				CLANG_WARN_STRICT_PROTOTYPES = YES;
				CLANG_WARN_SUSPICIOUS_MOVE = YES;
				CLANG_WARN_UNREACHABLE_CODE = YES;
				CLANG_WARN__DUPLICATE_METHOD_MATCH = YES;
				"CODE_SIGN_IDENTITY[sdk=iphoneos*]" = "iPhone Developer";
				COPY_PHASE_STRIP = NO;
				DEBUG_INFORMATION_FORMAT = "dwarf-with-dsym";
				ENABLE_NS_ASSERTIONS = NO;
				ENABLE_STRICT_OBJC_MSGSEND = YES;
				GCC_C_LANGUAGE_STANDARD = gnu99;
				GCC_NO_COMMON_BLOCKS = YES;
				GCC_WARN_64_TO_32_BIT_CONVERSION = YES;
				GCC_WARN_ABOUT_RETURN_TYPE = YES_ERROR;
				GCC_WARN_UNDECLARED_SELECTOR = YES;
				GCC_WARN_UNINITIALIZED_AUTOS = YES_AGGRESSIVE;
				GCC_WARN_UNUSED_FUNCTION = YES;
				GCC_WARN_UNUSED_VARIABLE = YES;
				IPHONEOS_DEPLOYMENT_TARGET = 10.3;
				MTL_ENABLE_DEBUG_INFO = NO;
				SDKROOT = iphoneos;
				SWIFT_OPTIMIZATION_LEVEL = "-Owholemodule";
				TARGETED_DEVICE_FAMILY = "1,2";
				VALIDATE_PRODUCT = YES;
			};
			name = Release;
		};
		385589C71F7F13CD00D659A6 /* Debug */ = {
			isa = XCBuildConfiguration;
			buildSettings = {
				ASSETCATALOG_COMPILER_APPICON_NAME = AppIcon;
				INFOPLIST_FILE = "Pitch perfect/Info.plist";
				LD_RUNPATH_SEARCH_PATHS = "$(inherited) @executable_path/Frameworks";
				PRODUCT_BUNDLE_IDENTIFIER = "com.vedarth.Pitch-perfect";
				PRODUCT_NAME = "$(TARGET_NAME)";
				SWIFT_VERSION = 3.0;
				TARGETED_DEVICE_FAMILY = "1,2";
			};
			name = Debug;
		};
		385589C81F7F13CD00D659A6 /* Release */ = {
			isa = XCBuildConfiguration;
			buildSettings = {
				ASSETCATALOG_COMPILER_APPICON_NAME = AppIcon;
				INFOPLIST_FILE = "Pitch perfect/Info.plist";
				LD_RUNPATH_SEARCH_PATHS = "$(inherited) @executable_path/Frameworks";
				PRODUCT_BUNDLE_IDENTIFIER = "com.vedarth.Pitch-perfect";
				PRODUCT_NAME = "$(TARGET_NAME)";
				SWIFT_VERSION = 3.0;
				TARGETED_DEVICE_FAMILY = "1,2";
			};
			name = Release;
		};
		385589CA1F7F13CD00D659A6 /* Debug */ = {
			isa = XCBuildConfiguration;
			buildSettings = {
				ALWAYS_EMBED_SWIFT_STANDARD_LIBRARIES = YES;
				BUNDLE_LOADER = "$(TEST_HOST)";
				INFOPLIST_FILE = "Pitch perfectTests/Info.plist";
				LD_RUNPATH_SEARCH_PATHS = "$(inherited) @executable_path/Frameworks @loader_path/Frameworks";
				PRODUCT_BUNDLE_IDENTIFIER = "com.vedarth.Pitch-perfectTests";
				PRODUCT_NAME = "$(TARGET_NAME)";
				SWIFT_VERSION = 3.0;
				TEST_HOST = "$(BUILT_PRODUCTS_DIR)/Pitch perfect.app/Pitch perfect";
			};
			name = Debug;
		};
		385589CB1F7F13CD00D659A6 /* Release */ = {
			isa = XCBuildConfiguration;
			buildSettings = {
				ALWAYS_EMBED_SWIFT_STANDARD_LIBRARIES = YES;
				BUNDLE_LOADER = "$(TEST_HOST)";
				INFOPLIST_FILE = "Pitch perfectTests/Info.plist";
				LD_RUNPATH_SEARCH_PATHS = "$(inherited) @executable_path/Frameworks @loader_path/Frameworks";
				PRODUCT_BUNDLE_IDENTIFIER = "com.vedarth.Pitch-perfectTests";
				PRODUCT_NAME = "$(TARGET_NAME)";
				SWIFT_VERSION = 3.0;
				TEST_HOST = "$(BUILT_PRODUCTS_DIR)/Pitch perfect.app/Pitch perfect";
			};
			name = Release;
		};
		385589CD1F7F13CD00D659A6 /* Debug */ = {
			isa = XCBuildConfiguration;
			buildSettings = {
				ALWAYS_EMBED_SWIFT_STANDARD_LIBRARIES = YES;
				INFOPLIST_FILE = "Pitch perfectUITests/Info.plist";
				LD_RUNPATH_SEARCH_PATHS = "$(inherited) @executable_path/Frameworks @loader_path/Frameworks";
				PRODUCT_BUNDLE_IDENTIFIER = "com.vedarth.Pitch-perfectUITests";
				PRODUCT_NAME = "$(TARGET_NAME)";
				SWIFT_VERSION = 3.0;
				TEST_TARGET_NAME = "Pitch perfect";
			};
			name = Debug;
		};
		385589CE1F7F13CD00D659A6 /* Release */ = {
			isa = XCBuildConfiguration;
			buildSettings = {
				ALWAYS_EMBED_SWIFT_STANDARD_LIBRARIES = YES;
				INFOPLIST_FILE = "Pitch perfectUITests/Info.plist";
				LD_RUNPATH_SEARCH_PATHS = "$(inherited) @executable_path/Frameworks @loader_path/Frameworks";
				PRODUCT_BUNDLE_IDENTIFIER = "com.vedarth.Pitch-perfectUITests";
				PRODUCT_NAME = "$(TARGET_NAME)";
				SWIFT_VERSION = 3.0;
				TEST_TARGET_NAME = "Pitch perfect";
			};
			name = Release;
		};
/* End XCBuildConfiguration section */

/* Begin XCConfigurationList section */
		385589991F7F13CC00D659A6 /* Build configuration list for PBXProject "Pitch perfect" */ = {
			isa = XCConfigurationList;
			buildConfigurations = (
				385589C41F7F13CD00D659A6 /* Debug */,
				385589C51F7F13CD00D659A6 /* Release */,
			);
			defaultConfigurationIsVisible = 0;
			defaultConfigurationName = Release;
		};
		385589C61F7F13CD00D659A6 /* Build configuration list for PBXNativeTarget "Pitch perfect" */ = {
			isa = XCConfigurationList;
			buildConfigurations = (
				385589C71F7F13CD00D659A6 /* Debug */,
				385589C81F7F13CD00D659A6 /* Release */,
			);
			defaultConfigurationIsVisible = 0;
			defaultConfigurationName = Release;
		};
		385589C91F7F13CD00D659A6 /* Build configuration list for PBXNativeTarget "Pitch perfectTests" */ = {
			isa = XCConfigurationList;
			buildConfigurations = (
				385589CA1F7F13CD00D659A6 /* Debug */,
				385589CB1F7F13CD00D659A6 /* Release */,
			);
			defaultConfigurationIsVisible = 0;
			defaultConfigurationName = Release;
		};
		385589CC1F7F13CD00D659A6 /* Build configuration list for PBXNativeTarget "Pitch perfectUITests" */ = {
			isa = XCConfigurationList;
			buildConfigurations = (
				385589CD1F7F13CD00D659A6 /* Debug */,
				385589CE1F7F13CD00D659A6 /* Release */,
			);
			defaultConfigurationIsVisible = 0;
			defaultConfigurationName = Release;
		};
/* End XCConfigurationList section */
	};
	rootObject = 385589961F7F13CC00D659A6 /* Project object */;
}
